
Microsoft Visual Studio Solution File, Format Version 12.00
# Visual Studio Version 17
VisualStudioVersion = 17.0.31903.59
MinimumVisualStudioVersion = 10.0.40219.1
Project("{2150E333-8FDC-42A3-9474-1A3956D46DE8}") = "src", "src", "{827E0CD3-B72D-47B6-A68D-7590B98EB39B}"
EndProject
Project("{FAE04EC0-301F-11D3-BF4B-00C04F79EFBC}") = "TaskManager.Domain", "src\TaskManager.Domain\TaskManager.Domain.csproj", "{3C26DCF5-59C9-402D-95EE-54CF318FB970}"
EndProject
Project("{FAE04EC0-301F-11D3-BF4B-00C04F79EFBC}") = "TaskManager.Application", "src\TaskManager.Application\TaskManager.Application.csproj", "{78776481-553D-426F-8341-8F2FFF9B67AE}"
EndProject
Project("{FAE04EC0-301F-11D3-BF4B-00C04F79EFBC}") = "TaskManager.Infrastructure", "src\TaskManager.Infrastructure\TaskManager.Infrastructure.csproj", "{9A5147EC-D178-4432-A731-10D6C50D46F5}"
EndProject
Project("{FAE04EC0-301F-11D3-BF4B-00C04F79EFBC}") = "TaskManager.Api", "src\TaskManager.Api\TaskManager.Api.csproj", "{CB3F117B-0958-4379-9AD3-14AF0574E681}"
EndProject
Global
	GlobalSection(SolutionConfigurationPlatforms) = preSolution
		Debug|Any CPU = Debug|Any CPU
		Debug|x64 = Debug|x64
		Debug|x86 = Debug|x86
		Release|Any CPU = Release|Any CPU
		Release|x64 = Release|x64
		Release|x86 = Release|x86
	EndGlobalSection
	GlobalSection(ProjectConfigurationPlatforms) = postSolution
		{3C26DCF5-59C9-402D-95EE-54CF318FB970}.Debug|Any CPU.ActiveCfg = Debug|Any CPU
		{3C26DCF5-59C9-402D-95EE-54CF318FB970}.Debug|Any CPU.Build.0 = Debug|Any CPU
		{3C26DCF5-59C9-402D-95EE-54CF318FB970}.Debug|x64.ActiveCfg = Debug|Any CPU
		{3C26DCF5-59C9-402D-95EE-54CF318FB970}.Debug|x64.Build.0 = Debug|Any CPU
		{3C26DCF5-59C9-402D-95EE-54CF318FB970}.Debug|x86.ActiveCfg = Debug|Any CPU
		{3C26DCF5-59C9-402D-95EE-54CF318FB970}.Debug|x86.Build.0 = Debug|Any CPU
		{3C26DCF5-59C9-402D-95EE-54CF318FB970}.Release|Any CPU.ActiveCfg = Release|Any CPU
		{3C26DCF5-59C9-402D-95EE-54CF318FB970}.Release|Any CPU.Build.0 = Release|Any CPU
		{3C26DCF5-59C9-402D-95EE-54CF318FB970}.Release|x64.ActiveCfg = Release|Any CPU
		{3C26DCF5-59C9-402D-95EE-54CF318FB970}.Release|x64.Build.0 = Release|Any CPU
		{3C26DCF5-59C9-402D-95EE-54CF318FB970}.Release|x86.ActiveCfg = Release|Any CPU
		{3C26DCF5-59C9-402D-95EE-54CF318FB970}.Release|x86.Build.0 = Release|Any CPU
		{78776481-553D-426F-8341-8F2FFF9B67AE}.Debug|Any CPU.ActiveCfg = Debug|Any CPU
		{78776481-553D-426F-8341-8F2FFF9B67AE}.Debug|Any CPU.Build.0 = Debug|Any CPU
		{78776481-553D-426F-8341-8F2FFF9B67AE}.Debug|x64.ActiveCfg = Debug|Any CPU
		{78776481-553D-426F-8341-8F2FFF9B67AE}.Debug|x64.Build.0 = Debug|Any CPU
		{78776481-553D-426F-8341-8F2FFF9B67AE}.Debug|x86.ActiveCfg = Debug|Any CPU
		{78776481-553D-426F-8341-8F2FFF9B67AE}.Debug|x86.Build.0 = Debug|Any CPU
		{78776481-553D-426F-8341-8F2FFF9B67AE}.Release|Any CPU.ActiveCfg = Release|Any CPU
		{78776481-553D-426F-8341-8F2FFF9B67AE}.Release|Any CPU.Build.0 = Release|Any CPU
		{78776481-553D-426F-8341-8F2FFF9B67AE}.Release|x64.ActiveCfg = Release|Any CPU
		{78776481-553D-426F-8341-8F2FFF9B67AE}.Release|x64.Build.0 = Release|Any CPU
		{78776481-553D-426F-8341-8F2FFF9B67AE}.Release|x86.ActiveCfg = Release|Any CPU
		{78776481-553D-426F-8341-8F2FFF9B67AE}.Release|x86.Build.0 = Release|Any CPU
		{9A5147EC-D178-4432-A731-10D6C50D46F5}.Debug|Any CPU.ActiveCfg = Debug|Any CPU
		{9A5147EC-D178-4432-A731-10D6C50D46F5}.Debug|Any CPU.Build.0 = Debug|Any CPU
		{9A5147EC-D178-4432-A731-10D6C50D46F5}.Debug|x64.ActiveCfg = Debug|Any CPU
		{9A5147EC-D178-4432-A731-10D6C50D46F5}.Debug|x64.Build.0 = Debug|Any CPU
		{9A5147EC-D178-4432-A731-10D6C50D46F5}.Debug|x86.ActiveCfg = Debug|Any CPU
		{9A5147EC-D178-4432-A731-10D6C50D46F5}.Debug|x86.Build.0 = Debug|Any CPU
		{9A5147EC-D178-4432-A731-10D6C50D46F5}.Release|Any CPU.ActiveCfg = Release|Any CPU
		{9A5147EC-D178-4432-A731-10D6C50D46F5}.Release|Any CPU.Build.0 = Release|Any CPU
		{9A5147EC-D178-4432-A731-10D6C50D46F5}.Release|x64.ActiveCfg = Release|Any CPU
		{9A5147EC-D178-4432-A731-10D6C50D46F5}.Release|x64.Build.0 = Release|Any CPU
		{9A5147EC-D178-4432-A731-10D6C50D46F5}.Release|x86.ActiveCfg = Release|Any CPU
		{9A5147EC-D178-4432-A731-10D6C50D46F5}.Release|x86.Build.0 = Release|Any CPU
		{CB3F117B-0958-4379-9AD3-14AF0574E681}.Debug|Any CPU.ActiveCfg = Debug|Any CPU
		{CB3F117B-0958-4379-9AD3-14AF0574E681}.Debug|Any CPU.Build.0 = Debug|Any CPU
		{CB3F117B-0958-4379-9AD3-14AF0574E681}.Debug|x64.ActiveCfg = Debug|Any CPU
		{CB3F117B-0958-4379-9AD3-14AF0574E681}.Debug|x64.Build.0 = Debug|Any CPU
		{CB3F117B-0958-4379-9AD3-14AF0574E681}.Debug|x86.ActiveCfg = Debug|Any CPU
		{CB3F117B-0958-4379-9AD3-14AF0574E681}.Debug|x86.Build.0 = Debug|Any CPU
		{CB3F117B-0958-4379-9AD3-14AF0574E681}.Release|Any CPU.ActiveCfg = Release|Any CPU
		{CB3F117B-0958-4379-9AD3-14AF0574E681}.Release|Any CPU.Build.0 = Release|Any CPU
		{CB3F117B-0958-4379-9AD3-14AF0574E681}.Release|x64.ActiveCfg = Release|Any CPU
		{CB3F117B-0958-4379-9AD3-14AF0574E681}.Release|x64.Build.0 = Release|Any CPU
		{CB3F117B-0958-4379-9AD3-14AF0574E681}.Release|x86.ActiveCfg = Release|Any CPU
		{CB3F117B-0958-4379-9AD3-14AF0574E681}.Release|x86.Build.0 = Release|Any CPU
	EndGlobalSection
	GlobalSection(SolutionProperties) = preSolution
		HideSolutionNode = FALSE
	EndGlobalSection
	GlobalSection(NestedProjects) = preSolution
		{3C26DCF5-59C9-402D-95EE-54CF318FB970} = {827E0CD3-B72D-47B6-A68D-7590B98EB39B}
		{78776481-553D-426F-8341-8F2FFF9B67AE} = {827E0CD3-B72D-47B6-A68D-7590B98EB39B}
		{9A5147EC-D178-4432-A731-10D6C50D46F5} = {827E0CD3-B72D-47B6-A68D-7590B98EB39B}
		{CB3F117B-0958-4379-9AD3-14AF0574E681} = {827E0CD3-B72D-47B6-A68D-7590B98EB39B}
	EndGlobalSection
EndGlobal
